// !$*UTF8*$!
{
	archiveVersion = 1;
	classes = {
	};
	objectVersion = 46;
	objects = {

/* Begin PBXBuildFile section */
		18C27C651E2866400048849D /* main.m in Sources */ = {isa = PBXBuildFile; fileRef = 18C27C641E2866400048849D /* main.m */; };
		18C27C681E2866400048849D /* AppDelegate.m in Sources */ = {isa = PBXBuildFile; fileRef = 18C27C671E2866400048849D /* AppDelegate.m */; };
		18C27C6E1E2866400048849D /* Main.storyboard in Resources */ = {isa = PBXBuildFile; fileRef = 18C27C6C1E2866400048849D /* Main.storyboard */; };
		18C27C711E2866400048849D /* XCPImageCollectionView.xcdatamodeld in Sources */ = {isa = PBXBuildFile; fileRef = 18C27C6F1E2866400048849D /* XCPImageCollectionView.xcdatamodeld */; };
		18C27C731E2866400048849D /* Assets.xcassets in Resources */ = {isa = PBXBuildFile; fileRef = 18C27C721E2866400048849D /* Assets.xcassets */; };
		18C27C761E2866400048849D /* LaunchScreen.storyboard in Resources */ = {isa = PBXBuildFile; fileRef = 18C27C741E2866400048849D /* LaunchScreen.storyboard */; };
		18C27C811E2866400048849D /* XCPImageCollectionViewUITests.m in Sources */ = {isa = PBXBuildFile; fileRef = 18C27C801E2866400048849D /* XCPImageCollectionViewUITests.m */; };
		18C27C901E2868C70048849D /* icon-photo-image.png in Resources */ = {isa = PBXBuildFile; fileRef = 18C27C8E1E2868C70048849D /* icon-photo-image.png */; };
		18C27C931E2868D70048849D /* XCPImageViewController.m in Sources */ = {isa = PBXBuildFile; fileRef = 18C27C921E2868D70048849D /* XCPImageViewController.m */; };
		18C27C961E2869060048849D /* XCPImageView.m in Sources */ = {isa = PBXBuildFile; fileRef = 18C27C951E2869060048849D /* XCPImageView.m */; };
		18C27C971E2873410048849D /* XCPImageViewController.m in Sources */ = {isa = PBXBuildFile; fileRef = 18C27C921E2868D70048849D /* XCPImageViewController.m */; };
		18C27C991E28D8150048849D /* close.png in Resources */ = {isa = PBXBuildFile; fileRef = 18C27C981E28D8150048849D /* close.png */; };
/* End PBXBuildFile section */

/* Begin PBXContainerItemProxy section */
		18C27C7D1E2866400048849D /* PBXContainerItemProxy */ = {
			isa = PBXContainerItemProxy;
			containerPortal = 18C27C581E2866400048849D /* Project object */;
			proxyType = 1;
			remoteGlobalIDString = 18C27C5F1E2866400048849D;
			remoteInfo = XCPImageCollectionView;
		};
/* End PBXContainerItemProxy section */

/* Begin PBXFileReference section */
		18C27C601E2866400048849D /* XCPImageCollectionView.app */ = {isa = PBXFileReference; explicitFileType = wrapper.application; includeInIndex = 0; path = XCPImageCollectionView.app; sourceTree = BUILT_PRODUCTS_DIR; };
		18C27C641E2866400048849D /* main.m */ = {isa = PBXFileReference; lastKnownFileType = sourcecode.c.objc; path = main.m; sourceTree = "<group>"; };
		18C27C661E2866400048849D /* AppDelegate.h */ = {isa = PBXFileReference; lastKnownFileType = sourcecode.c.h; path = AppDelegate.h; sourceTree = "<group>"; };
		18C27C671E2866400048849D /* AppDelegate.m */ = {isa = PBXFileReference; lastKnownFileType = sourcecode.c.objc; path = AppDelegate.m; sourceTree = "<group>"; };
		18C27C6D1E2866400048849D /* Base */ = {isa = PBXFileReference; lastKnownFileType = file.storyboard; name = Base; path = Base.lproj/Main.storyboard; sourceTree = "<group>"; };
		18C27C701E2866400048849D /* XCPImageCollectionView.xcdatamodel */ = {isa = PBXFileReference; lastKnownFileType = wrapper.xcdatamodel; path = XCPImageCollectionView.xcdatamodel; sourceTree = "<group>"; };
		18C27C721E2866400048849D /* Assets.xcassets */ = {isa = PBXFileReference; lastKnownFileType = folder.assetcatalog; path = Assets.xcassets; sourceTree = "<group>"; };
		18C27C751E2866400048849D /* Base */ = {isa = PBXFileReference; lastKnownFileType = file.storyboard; name = Base; path = Base.lproj/LaunchScreen.storyboard; sourceTree = "<group>"; };
		18C27C771E2866400048849D /* Info.plist */ = {isa = PBXFileReference; lastKnownFileType = text.plist.xml; path = Info.plist; sourceTree = "<group>"; };
		18C27C7C1E2866400048849D /* XCPImageCollectionViewUITests.xctest */ = {isa = PBXFileReference; explicitFileType = wrapper.cfbundle; includeInIndex = 0; path = XCPImageCollectionViewUITests.xctest; sourceTree = BUILT_PRODUCTS_DIR; };
		18C27C801E2866400048849D /* XCPImageCollectionViewUITests.m */ = {isa = PBXFileReference; lastKnownFileType = sourcecode.c.objc; path = XCPImageCollectionViewUITests.m; sourceTree = "<group>"; };
		18C27C821E2866400048849D /* Info.plist */ = {isa = PBXFileReference; lastKnownFileType = text.plist.xml; path = Info.plist; sourceTree = "<group>"; };
		18C27C8E1E2868C70048849D /* icon-photo-image.png */ = {isa = PBXFileReference; lastKnownFileType = image.png; path = "icon-photo-image.png"; sourceTree = "<group>"; };
		18C27C911E2868D70048849D /* XCPImageViewController.h */ = {isa = PBXFileReference; fileEncoding = 4; lastKnownFileType = sourcecode.c.h; path = XCPImageViewController.h; sourceTree = "<group>"; };
		18C27C921E2868D70048849D /* XCPImageViewController.m */ = {isa = PBXFileReference; fileEncoding = 4; lastKnownFileType = sourcecode.c.objc; path = XCPImageViewController.m; sourceTree = "<group>"; };
		18C27C941E2869060048849D /* XCPImageView.h */ = {isa = PBXFileReference; fileEncoding = 4; lastKnownFileType = sourcecode.c.h; path = XCPImageView.h; sourceTree = "<group>"; };
		18C27C951E2869060048849D /* XCPImageView.m */ = {isa = PBXFileReference; fileEncoding = 4; lastKnownFileType = sourcecode.c.objc; path = XCPImageView.m; sourceTree = "<group>"; };
		18C27C981E28D8150048849D /* close.png */ = {isa = PBXFileReference; lastKnownFileType = image.png; path = close.png; sourceTree = "<group>"; };
/* End PBXFileReference section */

/* Begin PBXFrameworksBuildPhase section */
		18C27C5D1E2866400048849D /* Frameworks */ = {
			isa = PBXFrameworksBuildPhase;
			buildActionMask = 2147483647;
			files = (
			);
			runOnlyForDeploymentPostprocessing = 0;
		};
		18C27C791E2866400048849D /* Frameworks */ = {
			isa = PBXFrameworksBuildPhase;
			buildActionMask = 2147483647;
			files = (
			);
			runOnlyForDeploymentPostprocessing = 0;
		};
/* End PBXFrameworksBuildPhase section */

/* Begin PBXGroup section */
		18C27C571E2866400048849D = {
			isa = PBXGroup;
			children = (
				18C27C621E2866400048849D /* XCPImageCollectionView */,
				18C27C7F1E2866400048849D /* XCPImageCollectionViewUITests */,
				18C27C611E2866400048849D /* Products */,
			);
			sourceTree = "<group>";
		};
		18C27C611E2866400048849D /* Products */ = {
			isa = PBXGroup;
			children = (
				18C27C601E2866400048849D /* XCPImageCollectionView.app */,
				18C27C7C1E2866400048849D /* XCPImageCollectionViewUITests.xctest */,
			);
			name = Products;
			sourceTree = "<group>";
		};
		18C27C621E2866400048849D /* XCPImageCollectionView */ = {
			isa = PBXGroup;
			children = (
				18C27C8B1E2868C70048849D /* ImageView */,
				18C27C661E2866400048849D /* AppDelegate.h */,
				18C27C671E2866400048849D /* AppDelegate.m */,
				18C27C6C1E2866400048849D /* Main.storyboard */,
				18C27C721E2866400048849D /* Assets.xcassets */,
				18C27C741E2866400048849D /* LaunchScreen.storyboard */,
				18C27C771E2866400048849D /* Info.plist */,
				18C27C6F1E2866400048849D /* XCPImageCollectionView.xcdatamodeld */,
				18C27C631E2866400048849D /* Supporting Files */,
			);
			path = XCPImageCollectionView;
			sourceTree = "<group>";
		};
		18C27C631E2866400048849D /* Supporting Files */ = {
			isa = PBXGroup;
			children = (
				18C27C641E2866400048849D /* main.m */,
			);
			name = "Supporting Files";
			sourceTree = "<group>";
		};
		18C27C7F1E2866400048849D /* XCPImageCollectionViewUITests */ = {
			isa = PBXGroup;
			children = (
				18C27C801E2866400048849D /* XCPImageCollectionViewUITests.m */,
				18C27C821E2866400048849D /* Info.plist */,
			);
			path = XCPImageCollectionViewUITests;
			sourceTree = "<group>";
		};
		18C27C8B1E2868C70048849D /* ImageView */ = {
			isa = PBXGroup;
			children = (
				18C27C8C1E2868C70048849D /* Model */,
				18C27C8D1E2868C70048849D /* UI */,
				18C27C8F1E2868C70048849D /* View */,
			);
			path = ImageView;
			sourceTree = "<group>";
		};
		18C27C8C1E2868C70048849D /* Model */ = {
			isa = PBXGroup;
			children = (
			);
			path = Model;
			sourceTree = "<group>";
		};
		18C27C8D1E2868C70048849D /* UI */ = {
			isa = PBXGroup;
			children = (
				18C27C981E28D8150048849D /* close.png */,
				18C27C8E1E2868C70048849D /* icon-photo-image.png */,
			);
			path = UI;
			sourceTree = "<group>";
		};
		18C27C8F1E2868C70048849D /* View */ = {
			isa = PBXGroup;
			children = (
				18C27C911E2868D70048849D /* XCPImageViewController.h */,
				18C27C921E2868D70048849D /* XCPImageViewController.m */,
				18C27C941E2869060048849D /* XCPImageView.h */,
				18C27C951E2869060048849D /* XCPImageView.m */,
			);
			path = View;
			sourceTree = "<group>";
		};
/* End PBXGroup section */

/* Begin PBXNativeTarget section */
		18C27C5F1E2866400048849D /* XCPImageCollectionView */ = {
			isa = PBXNativeTarget;
			buildConfigurationList = 18C27C851E2866400048849D /* Build configuration list for PBXNativeTarget "XCPImageCollectionView" */;
			buildPhases = (
				18C27C5C1E2866400048849D /* Sources */,
				18C27C5D1E2866400048849D /* Frameworks */,
				18C27C5E1E2866400048849D /* Resources */,
			);
			buildRules = (
			);
			dependencies = (
			);
			name = XCPImageCollectionView;
			productName = XCPImageCollectionView;
			productReference = 18C27C601E2866400048849D /* XCPImageCollectionView.app */;
			productType = "com.apple.product-type.application";
		};
		18C27C7B1E2866400048849D /* XCPImageCollectionViewUITests */ = {
			isa = PBXNativeTarget;
			buildConfigurationList = 18C27C881E2866400048849D /* Build configuration list for PBXNativeTarget "XCPImageCollectionViewUITests" */;
			buildPhases = (
				18C27C781E2866400048849D /* Sources */,
				18C27C791E2866400048849D /* Frameworks */,
				18C27C7A1E2866400048849D /* Resources */,
			);
			buildRules = (
			);
			dependencies = (
				18C27C7E1E2866400048849D /* PBXTargetDependency */,
			);
			name = XCPImageCollectionViewUITests;
			productName = XCPImageCollectionViewUITests;
			productReference = 18C27C7C1E2866400048849D /* XCPImageCollectionViewUITests.xctest */;
			productType = "com.apple.product-type.bundle.ui-testing";
		};
/* End PBXNativeTarget section */

/* Begin PBXProject section */
		18C27C581E2866400048849D /* Project object */ = {
			isa = PBXProject;
			attributes = {
				LastUpgradeCheck = 0810;
				ORGANIZATIONNAME = "夏翠萍";
				TargetAttributes = {
					18C27C5F1E2866400048849D = {
						CreatedOnToolsVersion = 8.1;
						ProvisioningStyle = Automatic;
					};
					18C27C7B1E2866400048849D = {
						CreatedOnToolsVersion = 8.1;
						ProvisioningStyle = Automatic;
						TestTargetID = 18C27C5F1E2866400048849D;
					};
				};
			};
			buildConfigurationList = 18C27C5B1E2866400048849D /* Build configuration list for PBXProject "XCPImageCollectionView" */;
			compatibilityVersion = "Xcode 3.2";
			developmentRegion = English;
			hasScannedForEncodings = 0;
			knownRegions = (
				en,
				Base,
			);
			mainGroup = 18C27C571E2866400048849D;
			productRefGroup = 18C27C611E2866400048849D /* Products */;
			projectDirPath = "";
			projectRoot = "";
			targets = (
				18C27C5F1E2866400048849D /* XCPImageCollectionView */,
				18C27C7B1E2866400048849D /* XCPImageCollectionViewUITests */,
			);
		};
/* End PBXProject section */

/* Begin PBXResourcesBuildPhase section */
		18C27C5E1E2866400048849D /* Resources */ = {
			isa = PBXResourcesBuildPhase;
			buildActionMask = 2147483647;
			files = (
				18C27C761E2866400048849D /* LaunchScreen.storyboard in Resources */,
				18C27C731E2866400048849D /* Assets.xcassets in Resources */,
				18C27C6E1E2866400048849D /* Main.storyboard in Resources */,
				18C27C991E28D8150048849D /* close.png in Resources */,
				18C27C901E2868C70048849D /* icon-photo-image.png in Resources */,
			);
			runOnlyForDeploymentPostprocessing = 0;
		};
		18C27C7A1E2866400048849D /* Resources */ = {
			isa = PBXResourcesBuildPhase;
			buildActionMask = 2147483647;
			files = (
			);
			runOnlyForDeploymentPostprocessing = 0;
		};
/* End PBXResourcesBuildPhase section */

/* Begin PBXSourcesBuildPhase section */
		18C27C5C1E2866400048849D /* Sources */ = {
			isa = PBXSourcesBuildPhase;
			buildActionMask = 2147483647;
			files = (
				18C27C931E2868D70048849D /* XCPImageViewController.m in Sources */,
				18C27C711E2866400048849D /* XCPImageCollectionView.xcdatamodeld in Sources */,
				18C27C961E2869060048849D /* XCPImageView.m in Sources */,
				18C27C681E2866400048849D /* AppDelegate.m in Sources */,
				18C27C651E2866400048849D /* main.m in Sources */,
			);
			runOnlyForDeploymentPostprocessing = 0;
		};
		18C27C781E2866400048849D /* Sources */ = {
			isa = PBXSourcesBuildPhase;
			buildActionMask = 2147483647;
			files = (
				18C27C971E2873410048849D /* XCPImageViewController.m in Sources */,
				18C27C811E2866400048849D /* XCPImageCollectionViewUITests.m in Sources */,
			);
			runOnlyForDeploymentPostprocessing = 0;
		};
/* End PBXSourcesBuildPhase section */

/* Begin PBXTargetDependency section */
		18C27C7E1E2866400048849D /* PBXTargetDependency */ = {
			isa = PBXTargetDependency;
			target = 18C27C5F1E2866400048849D /* XCPImageCollectionView */;
			targetProxy = 18C27C7D1E2866400048849D /* PBXContainerItemProxy */;
		};
/* End PBXTargetDependency section */

/* Begin PBXVariantGroup section */
		18C27C6C1E2866400048849D /* Main.storyboard */ = {
			isa = PBXVariantGroup;
			children = (
				18C27C6D1E2866400048849D /* Base */,
			);
			name = Main.storyboard;
			sourceTree = "<group>";
		};
		18C27C741E2866400048849D /* LaunchScreen.storyboard */ = {
			isa = PBXVariantGroup;
			children = (
				18C27C751E2866400048849D /* Base */,
			);
			name = LaunchScreen.storyboard;
			sourceTree = "<group>";
		};
/* End PBXVariantGroup section */

/* Begin XCBuildConfiguration section */
		18C27C831E2866400048849D /* Debug */ = {
			isa = XCBuildConfiguration;
			buildSettings = {
				ALWAYS_SEARCH_USER_PATHS = NO;
				CLANG_ANALYZER_NONNULL = YES;
				CLANG_CXX_LANGUAGE_STANDARD = "gnu++0x";
				CLANG_CXX_LIBRARY = "libc++";
				CLANG_ENABLE_MODULES = YES;
				CLANG_ENABLE_OBJC_ARC = YES;
				CLANG_WARN_BOOL_CONVERSION = YES;
				CLANG_WARN_CONSTANT_CONVERSION = YES;
				CLANG_WARN_DIRECT_OBJC_ISA_USAGE = YES_ERROR;
				CLANG_WARN_DOCUMENTATION_COMMENTS = YES;
				CLANG_WARN_EMPTY_BODY = YES;
				CLANG_WARN_ENUM_CONVERSION = YES;
				CLANG_WARN_INFINITE_RECURSION = YES;
				CLANG_WARN_INT_CONVERSION = YES;
				CLANG_WARN_OBJC_ROOT_CLASS = YES_ERROR;
				CLANG_WARN_SUSPICIOUS_MOVES = YES;
				CLANG_WARN_UNREACHABLE_CODE = YES;
				CLANG_WARN__DUPLICATE_METHOD_MATCH = YES;
				"CODE_SIGN_IDENTITY[sdk=iphoneos*]" = "iPhone Developer";
				COPY_PHASE_STRIP = NO;
				DEBUG_INFORMATION_FORMAT = dwarf;
				ENABLE_STRICT_OBJC_MSGSEND = YES;
				ENABLE_TESTABILITY = YES;
				GCC_C_LANGUAGE_STANDARD = gnu99;
				GCC_DYNAMIC_NO_PIC = NO;
				GCC_NO_COMMON_BLOCKS = YES;
				GCC_OPTIMIZATION_LEVEL = 0;
				GCC_PREPROCESSOR_DEFINITIONS = (
					"DEBUG=1",
					"$(inherited)",
				);
				GCC_WARN_64_TO_32_BIT_CONVERSION = YES;
				GCC_WARN_ABOUT_RETURN_TYPE = YES_ERROR;
				GCC_WARN_UNDECLARED_SELECTOR = YES;
				GCC_WARN_UNINITIALIZED_AUTOS = YES_AGGRESSIVE;
				GCC_WARN_UNUSED_FUNCTION = YES;
				GCC_WARN_UNUSED_VARIABLE = YES;
				IPHONEOS_DEPLOYMENT_TARGET = 10.1;
				MTL_ENABLE_DEBUG_INFO = YES;
				ONLY_ACTIVE_ARCH = YES;
				SDKROOT = iphoneos;
			};
			name = Debug;
		};
		18C27C841E2866400048849D /* Release */ = {
			isa = XCBuildConfiguration;
			buildSettings = {
				ALWAYS_SEARCH_USER_PATHS = NO;
				CLANG_ANALYZER_NONNULL = YES;
				CLANG_CXX_LANGUAGE_STANDARD = "gnu++0x";
				CLANG_CXX_LIBRARY = "libc++";
				CLANG_ENABLE_MODULES = YES;
				CLANG_ENABLE_OBJC_ARC = YES;
				CLANG_WARN_BOOL_CONVERSION = YES;
				CLANG_WARN_CONSTANT_CONVERSION = YES;
				CLANG_WARN_DIRECT_OBJC_ISA_USAGE = YES_ERROR;
				CLANG_WARN_DOCUMENTATION_COMMENTS = YES;
				CLANG_WARN_EMPTY_BODY = YES;
				CLANG_WARN_ENUM_CONVERSION = YES;
				CLANG_WARN_INFINITE_RECURSION = YES;
				CLANG_WARN_INT_CONVERSION = YES;
				CLANG_WARN_OBJC_ROOT_CLASS = YES_ERROR;
				CLANG_WARN_SUSPICIOUS_MOVES = YES;
				CLANG_WARN_UNREACHABLE_CODE = YES;
				CLANG_WARN__DUPLICATE_METHOD_MATCH = YES;
				"CODE_SIGN_IDENTITY[sdk=iphoneos*]" = "iPhone Developer";
				COPY_PHASE_STRIP = NO;
				DEBUG_INFORMATION_FORMAT = "dwarf-with-dsym";
				ENABLE_NS_ASSERTIONS = NO;
				ENABLE_STRICT_OBJC_MSGSEND = YES;
				GCC_C_LANGUAGE_STANDARD = gnu99;
				GCC_NO_COMMON_BLOCKS = YES;
				GCC_WARN_64_TO_32_BIT_CONVERSION = YES;
				GCC_WARN_ABOUT_RETURN_TYPE = YES_ERROR;
				GCC_WARN_UNDECLARED_SELECTOR = YES;
				GCC_WARN_UNINITIALIZED_AUTOS = YES_AGGRESSIVE;
				GCC_WARN_UNUSED_FUNCTION = YES;
				GCC_WARN_UNUSED_VARIABLE = YES;
				IPHONEOS_DEPLOYMENT_TARGET = 10.1;
				MTL_ENABLE_DEBUG_INFO = NO;
				SDKROOT = iphoneos;
				VALIDATE_PRODUCT = YES;
			};
			name = Release;
		};
		18C27C861E2866400048849D /* Debug */ = {
			isa = XCBuildConfiguration;
			buildSettings = {
				ASSETCATALOG_COMPILER_APPICON_NAME = AppIcon;
				INFOPLIST_FILE = XCPImageCollectionView/Info.plist;
				LD_RUNPATH_SEARCH_PATHS = "$(inherited) @executable_path/Frameworks";
				PRODUCT_BUNDLE_IDENTIFIER = com.Dome.XCPCalendar.XCPImageCollectionView;
				PRODUCT_NAME = "$(TARGET_NAME)";
			};
			name = Debug;
		};
		18C27C871E2866400048849D /* Release */ = {
			isa = XCBuildConfiguration;
			buildSettings = {
				ASSETCATALOG_COMPILER_APPICON_NAME = AppIcon;
				INFOPLIST_FILE = XCPImageCollectionView/Info.plist;
				LD_RUNPATH_SEARCH_PATHS = "$(inherited) @executable_path/Frameworks";
				PRODUCT_BUNDLE_IDENTIFIER = com.Dome.XCPCalendar.XCPImageCollectionView;
				PRODUCT_NAME = "$(TARGET_NAME)";
			};
			name = Release;
		};
		18C27C891E2866400048849D /* Debug */ = {
			isa = XCBuildConfiguration;
			buildSettings = {
				INFOPLIST_FILE = XCPImageCollectionViewUITests/Info.plist;
				LD_RUNPATH_SEARCH_PATHS = "$(inherited) @executable_path/Frameworks @loader_path/Frameworks";
				PRODUCT_BUNDLE_IDENTIFIER = com.Dome.XCPCalendar.XCPImageCollectionViewUITests;
				PRODUCT_NAME = "$(TARGET_NAME)";
				TEST_TARGET_NAME = XCPImageCollectionView;
			};
			name = Debug;
		};
		18C27C8A1E2866400048849D /* Release */ = {
			isa = XCBuildConfiguration;
			buildSettings = {
				INFOPLIST_FILE = XCPImageCollectionViewUITests/Info.plist;
				LD_RUNPATH_SEARCH_PATHS = "$(inherited) @executable_path/Frameworks @loader_path/Frameworks";
				PRODUCT_BUNDLE_IDENTIFIER = com.Dome.XCPCalendar.XCPImageCollectionViewUITests;
				PRODUCT_NAME = "$(TARGET_NAME)";
				TEST_TARGET_NAME = XCPImageCollectionView;
			};
			name = Release;
		};
/* End XCBuildConfiguration section */

/* Begin XCConfigurationList section */
		18C27C5B1E2866400048849D /* Build configuration list for PBXProject "XCPImageCollectionView" */ = {
			isa = XCConfigurationList;
			buildConfigurations = (
				18C27C831E2866400048849D /* Debug */,
				18C27C841E2866400048849D /* Release */,
			);
			defaultConfigurationIsVisible = 0;
			defaultConfigurationName = Release;
		};
		18C27C851E2866400048849D /* Build configuration list for PBXNativeTarget "XCPImageCollectionView" */ = {
			isa = XCConfigurationList;
			buildConfigurations = (
				18C27C861E2866400048849D /* Debug */,
				18C27C871E2866400048849D /* Release */,
			);
			defaultConfigurationIsVisible = 0;
			defaultConfigurationName = Release;
		};
		18C27C881E2866400048849D /* Build configuration list for PBXNativeTarget "XCPImageCollectionViewUITests" */ = {
			isa = XCConfigurationList;
			buildConfigurations = (
				18C27C891E2866400048849D /* Debug */,
				18C27C8A1E2866400048849D /* Release */,
			);
			defaultConfigurationIsVisible = 0;
			defaultConfigurationName = Release;
		};
/* End XCConfigurationList section */

/* Begin XCVersionGroup section */
		18C27C6F1E2866400048849D /* XCPImageCollectionView.xcdatamodeld */ = {
			isa = XCVersionGroup;
			children = (
				18C27C701E2866400048849D /* XCPImageCollectionView.xcdatamodel */,
			);
			currentVersion = 18C27C701E2866400048849D /* XCPImageCollectionView.xcdatamodel */;
			path = XCPImageCollectionView.xcdatamodeld;
			sourceTree = "<group>";
			versionGroupType = wrapper.xcdatamodel;
		};
/* End XCVersionGroup section */
	};
	rootObject = 18C27C581E2866400048849D /* Project object */;
}
